
Microsoft Visual Studio Solution File, Format Version 12.00
# Visual Studio Version 17
VisualStudioVersion = 17.0.31903.59
MinimumVisualStudioVersion = 10.0.40219.1
Project("{2150E333-8FDC-42A3-9474-1A3956D46DE8}") = "Ejercicios", "Ejercicios", "{D0F95A02-A864-47A1-955A-0C01632201D4}"
EndProject
Project("{FAE04EC0-301F-11D3-BF4B-00C04F79EFBC}") = "Ejercicio1", "Ejercicios\Ejercicio1\Ejercicio1.csproj", "{16CF73BE-0D5E-4E1B-B0C1-E0A738D90263}"
EndProject
Global
	GlobalSection(SolutionConfigurationPlatforms) = preSolution
		Debug|Any CPU = Debug|Any CPU
		Release|Any CPU = Release|Any CPU
	EndGlobalSection
	GlobalSection(SolutionProperties) = preSolution
		HideSolutionNode = FALSE
	EndGlobalSection
	GlobalSection(ProjectConfigurationPlatforms) = postSolution
		{16CF73BE-0D5E-4E1B-B0C1-E0A738D90263}.Debug|Any CPU.ActiveCfg = Debug|Any CPU
		{16CF73BE-0D5E-4E1B-B0C1-E0A738D90263}.Debug|Any CPU.Build.0 = Debug|Any CPU
		{16CF73BE-0D5E-4E1B-B0C1-E0A738D90263}.Release|Any CPU.ActiveCfg = Release|Any CPU
		{16CF73BE-0D5E-4E1B-B0C1-E0A738D90263}.Release|Any CPU.Build.0 = Release|Any CPU
	EndGlobalSection
	GlobalSection(NestedProjects) = preSolution
		{16CF73BE-0D5E-4E1B-B0C1-E0A738D90263} = {D0F95A02-A864-47A1-955A-0C01632201D4}
	EndGlobalSection
EndGlobal
